
Microsoft Visual Studio Solution File, Format Version 12.00
# Visual Studio Version 17
VisualStudioVersion = 17.10.34928.147
MinimumVisualStudioVersion = 10.0.40219.1
Project("{FAE04EC0-301F-11D3-BF4B-00C04F79EFBC}") = "WebAPP_Marjorie_Falcone_20240904", "WebAPP_Marjorie_Falcone_20240904\WebAPP_Marjorie_Falcone_20240904.csproj", "{B4ED5F9B-8F15-486B-B229-67AC749120B0}"
EndProject
Global
	GlobalSection(SolutionConfigurationPlatforms) = preSolution
		Debug|Any CPU = Debug|Any CPU
		Release|Any CPU = Release|Any CPU
	EndGlobalSection
	GlobalSection(ProjectConfigurationPlatforms) = postSolution
		{B4ED5F9B-8F15-486B-B229-67AC749120B0}.Debug|Any CPU.ActiveCfg = Debug|Any CPU
		{B4ED5F9B-8F15-486B-B229-67AC749120B0}.Debug|Any CPU.Build.0 = Debug|Any CPU
		{B4ED5F9B-8F15-486B-B229-67AC749120B0}.Release|Any CPU.ActiveCfg = Release|Any CPU
		{B4ED5F9B-8F15-486B-B229-67AC749120B0}.Release|Any CPU.Build.0 = Release|Any CPU
	EndGlobalSection
	GlobalSection(SolutionProperties) = preSolution
		HideSolutionNode = FALSE
	EndGlobalSection
	GlobalSection(ExtensibilityGlobals) = postSolution
		SolutionGuid = {CB786682-0CD2-4507-8F96-0719B620AFB0}
	EndGlobalSection
EndGlobal
